{
  "nodes": {
    "docker-tools": {
      "inputs": {
        "nixpkgs": [
          "nixpkgs"
        ]
      },
      "locked": {
        "lastModified": 1645317435,
        "narHash": "sha256-ftMNLgziaUzkP/YcOzhZdl4r/7khs6XDs9z1j66sQA8=",
        "owner": "ZentriaMC",
        "repo": "docker-tools",
        "rev": "24e5e999e9910eddbbe68a98c31c979e72961dbf",
        "type": "github"
      },
      "original": {
        "owner": "ZentriaMC",
        "repo": "docker-tools",
        "type": "github"
      }
    },
    "flake-utils": {
      "locked": {
        "lastModified": 1667395993,
        "narHash": "sha256-nuEHfE/LcWyuSWnS8t12N1wc105Qtau+/OdUAjtQ0rA=",
        "owner": "numtide",
        "repo": "flake-utils",
        "rev": "5aed5285a952e0b949eb3ba02c12fa4fcfef535f",
        "type": "github"
      },
      "original": {
        "owner": "numtide",
        "repo": "flake-utils",
        "type": "github"
      }
    },
    "nixpkgs": {
      "locked": {
        "lastModified": 1667879206,
        "narHash": "sha256-fHiB8mIUotFpbvugTJ9ImYJ6q0ry2QVFHYox6YRHHaE=",
        "owner": "nixos",
        "repo": "nixpkgs",
        "rev": "295778ad21806918c16176164497f2793e2133f4",
        "type": "github"
      },
      "original": {
        "owner": "nixos",
        "ref": "nixpkgs-unstable",
        "repo": "nixpkgs",
        "type": "github"
      }
    },
    "root": {
      "inputs": {
        "docker-tools": "docker-tools",
        "flake-utils": "flake-utils",
        "nixpkgs": "nixpkgs",
        "rust-overlay": "rust-overlay"
      }
    },
    "rust-overlay": {
      "inputs": {
        "flake-utils": [
          "flake-utils"
        ],
        "nixpkgs": [
          "nixpkgs"
        ]
      },
      "locked": {
        "lastModified": 1667875464,
        "narHash": "sha256-0rO2Pzn//ANT3AphpEUantCbm86XcmKNEKhM73LFr04=",
        "owner": "oxalica",
        "repo": "rust-overlay",
        "rev": "9235990723630e1a55e1ed6bca5954e4e31cfbd7",
        "type": "github"
      },
      "original": {
        "owner": "oxalica",
        "repo": "rust-overlay",
        "type": "github"
      }
    }
  },
  "root": "root",
  "version": 7
}
